
Microsoft Visual Studio Solution File, Format Version 12.00
# Visual Studio Version 17
VisualStudioVersion = 17.3.32804.467
MinimumVisualStudioVersion = 10.0.40219.1
Project("{9A19103F-16F7-4668-BE54-9A1E7A4F7556}") = "JulyIdea.Services.AuthAPI", "Startidea.Services.AuthAPI\JulyIdea.Services.AuthAPI.csproj", "{99DF03FC-307F-4980-8BAD-B5A1017C9323}"
EndProject
Project("{9A19103F-16F7-4668-BE54-9A1E7A4F7556}") = "JulyIdea.Services.IdeasAPI", "JulyIdea.Services.IdeasAPI\JulyIdea.Services.IdeasAPI.csproj", "{010FECD3-5770-4706-BE50-7C14DE9A3AFE}"
EndProject
Project("{9A19103F-16F7-4668-BE54-9A1E7A4F7556}") = "JulyIdea.Services.ChainElementsAPI", "JulyIdea.Services.ChainElementsAPI\JulyIdea.Services.ChainElementsAPI.csproj", "{3967DB90-2623-4911-9ADE-D1F91CDFBE99}"
EndProject
Project("{9A19103F-16F7-4668-BE54-9A1E7A4F7556}") = "JulyIdea.Services.GroupsAPI", "JulyIdea.Services.GroupsAPI\JulyIdea.Services.GroupsAPI.csproj", "{6017A110-7C7A-4D9E-BC04-7B5E67793F03}"
EndProject
Project("{9A19103F-16F7-4668-BE54-9A1E7A4F7556}") = "JulyIdea.Services.MessangerAPI", "JulyIdea.Services.MessangerAPI\JulyIdea.Services.MessangerAPI.csproj", "{0BFB316D-D81C-4249-B55F-0DE2DF012FE9}"
EndProject
Global
	GlobalSection(SolutionConfigurationPlatforms) = preSolution
		Debug|Any CPU = Debug|Any CPU
		Release|Any CPU = Release|Any CPU
	EndGlobalSection
	GlobalSection(ProjectConfigurationPlatforms) = postSolution
		{99DF03FC-307F-4980-8BAD-B5A1017C9323}.Debug|Any CPU.ActiveCfg = Debug|Any CPU
		{99DF03FC-307F-4980-8BAD-B5A1017C9323}.Debug|Any CPU.Build.0 = Debug|Any CPU
		{99DF03FC-307F-4980-8BAD-B5A1017C9323}.Release|Any CPU.ActiveCfg = Release|Any CPU
		{99DF03FC-307F-4980-8BAD-B5A1017C9323}.Release|Any CPU.Build.0 = Release|Any CPU
		{010FECD3-5770-4706-BE50-7C14DE9A3AFE}.Debug|Any CPU.ActiveCfg = Debug|Any CPU
		{010FECD3-5770-4706-BE50-7C14DE9A3AFE}.Debug|Any CPU.Build.0 = Debug|Any CPU
		{010FECD3-5770-4706-BE50-7C14DE9A3AFE}.Release|Any CPU.ActiveCfg = Release|Any CPU
		{010FECD3-5770-4706-BE50-7C14DE9A3AFE}.Release|Any CPU.Build.0 = Release|Any CPU
		{3967DB90-2623-4911-9ADE-D1F91CDFBE99}.Debug|Any CPU.ActiveCfg = Debug|Any CPU
		{3967DB90-2623-4911-9ADE-D1F91CDFBE99}.Debug|Any CPU.Build.0 = Debug|Any CPU
		{3967DB90-2623-4911-9ADE-D1F91CDFBE99}.Release|Any CPU.ActiveCfg = Release|Any CPU
		{3967DB90-2623-4911-9ADE-D1F91CDFBE99}.Release|Any CPU.Build.0 = Release|Any CPU
		{6017A110-7C7A-4D9E-BC04-7B5E67793F03}.Debug|Any CPU.ActiveCfg = Debug|Any CPU
		{6017A110-7C7A-4D9E-BC04-7B5E67793F03}.Debug|Any CPU.Build.0 = Debug|Any CPU
		{6017A110-7C7A-4D9E-BC04-7B5E67793F03}.Release|Any CPU.ActiveCfg = Release|Any CPU
		{6017A110-7C7A-4D9E-BC04-7B5E67793F03}.Release|Any CPU.Build.0 = Release|Any CPU
		{0BFB316D-D81C-4249-B55F-0DE2DF012FE9}.Debug|Any CPU.ActiveCfg = Debug|Any CPU
		{0BFB316D-D81C-4249-B55F-0DE2DF012FE9}.Debug|Any CPU.Build.0 = Debug|Any CPU
		{0BFB316D-D81C-4249-B55F-0DE2DF012FE9}.Release|Any CPU.ActiveCfg = Release|Any CPU
		{0BFB316D-D81C-4249-B55F-0DE2DF012FE9}.Release|Any CPU.Build.0 = Release|Any CPU
	EndGlobalSection
	GlobalSection(SolutionProperties) = preSolution
		HideSolutionNode = FALSE
	EndGlobalSection
	GlobalSection(ExtensibilityGlobals) = postSolution
		SolutionGuid = {1A236F91-42F3-42C8-8B82-DE13D979D2CC}
	EndGlobalSection
EndGlobal
